<Solution>
  <Project Path="Wingman.csproj" />
  <Project Path="Border.csproj" />
  <Project Path="DiaBlackJack.CoreLoop.Tests.EditMode.csproj" />
  <Project Path="LWGUI.csproj" />
  <Project Path="Border.Input.csproj" />
  <Project Path="NHNUberLit.Editor.csproj" />
  <Project Path="Border.Editor.csproj" />
  <Project Path="DiaBlackJack.StageProgression.Tests.EditMode.csproj" />
</Solution>
